
Microsoft Visual Studio Solution File, Format Version 12.00
# Visual Studio 15
VisualStudioVersion = 15.0.27428.2037
MinimumVisualStudioVersion = 10.0.40219.1
Project("{FAE04EC0-301F-11D3-BF4B-00C04F79EFBC}") = "LF-App.Android", "LF-App\LF-App.Android\LF-App.Android.csproj", "{4CC9FAAF-1CBD-4D9E-899E-46C610EB2232}"
EndProject
Project("{FAE04EC0-301F-11D3-BF4B-00C04F79EFBC}") = "LF-App.iOS", "LF-App\LF-App.iOS\LF-App.iOS.csproj", "{28FE78E1-5024-4D24-8229-03B4B846BC1C}"
EndProject
Project("{FAE04EC0-301F-11D3-BF4B-00C04F79EFBC}") = "LF-App", "LF-App\LF-App\LF-App.csproj", "{50614216-A1EE-483A-A50F-10D8A28AB303}"
EndProject
Global
	GlobalSection(SolutionConfigurationPlatforms) = preSolution
		Ad-Hoc|Any CPU = Ad-Hoc|Any CPU
		Ad-Hoc|iPhone = Ad-Hoc|iPhone
		Ad-Hoc|iPhoneSimulator = Ad-Hoc|iPhoneSimulator
		AppStore|Any CPU = AppStore|Any CPU
		AppStore|iPhone = AppStore|iPhone
		AppStore|iPhoneSimulator = AppStore|iPhoneSimulator
		Debug|Any CPU = Debug|Any CPU
		Debug|iPhone = Debug|iPhone
		Debug|iPhoneSimulator = Debug|iPhoneSimulator
		Release|Any CPU = Release|Any CPU
		Release|iPhone = Release|iPhone
		Release|iPhoneSimulator = Release|iPhoneSimulator
	EndGlobalSection
	GlobalSection(ProjectConfigurationPlatforms) = postSolution
		{4CC9FAAF-1CBD-4D9E-899E-46C610EB2232}.Ad-Hoc|Any CPU.ActiveCfg = Release|Any CPU
		{4CC9FAAF-1CBD-4D9E-899E-46C610EB2232}.Ad-Hoc|Any CPU.Build.0 = Release|Any CPU
		{4CC9FAAF-1CBD-4D9E-899E-46C610EB2232}.Ad-Hoc|Any CPU.Deploy.0 = Release|Any CPU
		{4CC9FAAF-1CBD-4D9E-899E-46C610EB2232}.Ad-Hoc|iPhone.ActiveCfg = Release|Any CPU
		{4CC9FAAF-1CBD-4D9E-899E-46C610EB2232}.Ad-Hoc|iPhone.Build.0 = Release|Any CPU
		{4CC9FAAF-1CBD-4D9E-899E-46C610EB2232}.Ad-Hoc|iPhone.Deploy.0 = Release|Any CPU
		{4CC9FAAF-1CBD-4D9E-899E-46C610EB2232}.Ad-Hoc|iPhoneSimulator.ActiveCfg = Release|Any CPU
		{4CC9FAAF-1CBD-4D9E-899E-46C610EB2232}.Ad-Hoc|iPhoneSimulator.Build.0 = Release|Any CPU
		{4CC9FAAF-1CBD-4D9E-899E-46C610EB2232}.Ad-Hoc|iPhoneSimulator.Deploy.0 = Release|Any CPU
		{4CC9FAAF-1CBD-4D9E-899E-46C610EB2232}.AppStore|Any CPU.ActiveCfg = Release|Any CPU
		{4CC9FAAF-1CBD-4D9E-899E-46C610EB2232}.AppStore|Any CPU.Build.0 = Release|Any CPU
		{4CC9FAAF-1CBD-4D9E-899E-46C610EB2232}.AppStore|Any CPU.Deploy.0 = Release|Any CPU
		{4CC9FAAF-1CBD-4D9E-899E-46C610EB2232}.AppStore|iPhone.ActiveCfg = Release|Any CPU
		{4CC9FAAF-1CBD-4D9E-899E-46C610EB2232}.AppStore|iPhone.Build.0 = Release|Any CPU
		{4CC9FAAF-1CBD-4D9E-899E-46C610EB2232}.AppStore|iPhone.Deploy.0 = Release|Any CPU
		{4CC9FAAF-1CBD-4D9E-899E-46C610EB2232}.AppStore|iPhoneSimulator.ActiveCfg = Release|Any CPU
		{4CC9FAAF-1CBD-4D9E-899E-46C610EB2232}.AppStore|iPhoneSimulator.Build.0 = Release|Any CPU
		{4CC9FAAF-1CBD-4D9E-899E-46C610EB2232}.AppStore|iPhoneSimulator.Deploy.0 = Release|Any CPU
		{4CC9FAAF-1CBD-4D9E-899E-46C610EB2232}.Debug|Any CPU.ActiveCfg = Debug|Any CPU
		{4CC9FAAF-1CBD-4D9E-899E-46C610EB2232}.Debug|Any CPU.Build.0 = Debug|Any CPU
		{4CC9FAAF-1CBD-4D9E-899E-46C610EB2232}.Debug|Any CPU.Deploy.0 = Debug|Any CPU
		{4CC9FAAF-1CBD-4D9E-899E-46C610EB2232}.Debug|iPhone.ActiveCfg = Debug|Any CPU
		{4CC9FAAF-1CBD-4D9E-899E-46C610EB2232}.Debug|iPhone.Build.0 = Debug|Any CPU
		{4CC9FAAF-1CBD-4D9E-899E-46C610EB2232}.Debug|iPhone.Deploy.0 = Debug|Any CPU
		{4CC9FAAF-1CBD-4D9E-899E-46C610EB2232}.Debug|iPhoneSimulator.ActiveCfg = Debug|Any CPU
		{4CC9FAAF-1CBD-4D9E-899E-46C610EB2232}.Debug|iPhoneSimulator.Build.0 = Debug|Any CPU
		{4CC9FAAF-1CBD-4D9E-899E-46C610EB2232}.Debug|iPhoneSimulator.Deploy.0 = Debug|Any CPU
		{4CC9FAAF-1CBD-4D9E-899E-46C610EB2232}.Release|Any CPU.ActiveCfg = Release|Any CPU
		{4CC9FAAF-1CBD-4D9E-899E-46C610EB2232}.Release|Any CPU.Build.0 = Release|Any CPU
		{4CC9FAAF-1CBD-4D9E-899E-46C610EB2232}.Release|Any CPU.Deploy.0 = Release|Any CPU
		{4CC9FAAF-1CBD-4D9E-899E-46C610EB2232}.Release|iPhone.ActiveCfg = Release|Any CPU
		{4CC9FAAF-1CBD-4D9E-899E-46C610EB2232}.Release|iPhone.Build.0 = Release|Any CPU
		{4CC9FAAF-1CBD-4D9E-899E-46C610EB2232}.Release|iPhone.Deploy.0 = Release|Any CPU
		{4CC9FAAF-1CBD-4D9E-899E-46C610EB2232}.Release|iPhoneSimulator.ActiveCfg = Release|Any CPU
		{4CC9FAAF-1CBD-4D9E-899E-46C610EB2232}.Release|iPhoneSimulator.Build.0 = Release|Any CPU
		{4CC9FAAF-1CBD-4D9E-899E-46C610EB2232}.Release|iPhoneSimulator.Deploy.0 = Release|Any CPU
		{28FE78E1-5024-4D24-8229-03B4B846BC1C}.Ad-Hoc|Any CPU.ActiveCfg = Ad-Hoc|iPhone
		{28FE78E1-5024-4D24-8229-03B4B846BC1C}.Ad-Hoc|iPhone.ActiveCfg = Ad-Hoc|iPhone
		{28FE78E1-5024-4D24-8229-03B4B846BC1C}.Ad-Hoc|iPhone.Build.0 = Ad-Hoc|iPhone
		{28FE78E1-5024-4D24-8229-03B4B846BC1C}.Ad-Hoc|iPhoneSimulator.ActiveCfg = Ad-Hoc|iPhoneSimulator
		{28FE78E1-5024-4D24-8229-03B4B846BC1C}.Ad-Hoc|iPhoneSimulator.Build.0 = Ad-Hoc|iPhoneSimulator
		{28FE78E1-5024-4D24-8229-03B4B846BC1C}.AppStore|Any CPU.ActiveCfg = AppStore|iPhone
		{28FE78E1-5024-4D24-8229-03B4B846BC1C}.AppStore|iPhone.ActiveCfg = AppStore|iPhone
		{28FE78E1-5024-4D24-8229-03B4B846BC1C}.AppStore|iPhone.Build.0 = AppStore|iPhone
		{28FE78E1-5024-4D24-8229-03B4B846BC1C}.AppStore|iPhoneSimulator.ActiveCfg = AppStore|iPhoneSimulator
		{28FE78E1-5024-4D24-8229-03B4B846BC1C}.AppStore|iPhoneSimulator.Build.0 = AppStore|iPhoneSimulator
		{28FE78E1-5024-4D24-8229-03B4B846BC1C}.Debug|Any CPU.ActiveCfg = Debug|iPhone
		{28FE78E1-5024-4D24-8229-03B4B846BC1C}.Debug|iPhone.ActiveCfg = Debug|iPhone
		{28FE78E1-5024-4D24-8229-03B4B846BC1C}.Debug|iPhone.Build.0 = Debug|iPhone
		{28FE78E1-5024-4D24-8229-03B4B846BC1C}.Debug|iPhoneSimulator.ActiveCfg = Debug|iPhoneSimulator
		{28FE78E1-5024-4D24-8229-03B4B846BC1C}.Debug|iPhoneSimulator.Build.0 = Debug|iPhoneSimulator
		{28FE78E1-5024-4D24-8229-03B4B846BC1C}.Release|Any CPU.ActiveCfg = Release|iPhone
		{28FE78E1-5024-4D24-8229-03B4B846BC1C}.Release|iPhone.ActiveCfg = Release|iPhone
		{28FE78E1-5024-4D24-8229-03B4B846BC1C}.Release|iPhone.Build.0 = Release|iPhone
		{28FE78E1-5024-4D24-8229-03B4B846BC1C}.Release|iPhoneSimulator.ActiveCfg = Release|iPhoneSimulator
		{28FE78E1-5024-4D24-8229-03B4B846BC1C}.Release|iPhoneSimulator.Build.0 = Release|iPhoneSimulator
		{50614216-A1EE-483A-A50F-10D8A28AB303}.Ad-Hoc|Any CPU.ActiveCfg = Debug|Any CPU
		{50614216-A1EE-483A-A50F-10D8A28AB303}.Ad-Hoc|Any CPU.Build.0 = Debug|Any CPU
		{50614216-A1EE-483A-A50F-10D8A28AB303}.Ad-Hoc|iPhone.ActiveCfg = Debug|Any CPU
		{50614216-A1EE-483A-A50F-10D8A28AB303}.Ad-Hoc|iPhone.Build.0 = Debug|Any CPU
		{50614216-A1EE-483A-A50F-10D8A28AB303}.Ad-Hoc|iPhoneSimulator.ActiveCfg = Debug|Any CPU
		{50614216-A1EE-483A-A50F-10D8A28AB303}.Ad-Hoc|iPhoneSimulator.Build.0 = Debug|Any CPU
		{50614216-A1EE-483A-A50F-10D8A28AB303}.AppStore|Any CPU.ActiveCfg = Debug|Any CPU
		{50614216-A1EE-483A-A50F-10D8A28AB303}.AppStore|Any CPU.Build.0 = Debug|Any CPU
		{50614216-A1EE-483A-A50F-10D8A28AB303}.AppStore|iPhone.ActiveCfg = Debug|Any CPU
		{50614216-A1EE-483A-A50F-10D8A28AB303}.AppStore|iPhone.Build.0 = Debug|Any CPU
		{50614216-A1EE-483A-A50F-10D8A28AB303}.AppStore|iPhoneSimulator.ActiveCfg = Debug|Any CPU
		{50614216-A1EE-483A-A50F-10D8A28AB303}.AppStore|iPhoneSimulator.Build.0 = Debug|Any CPU
		{50614216-A1EE-483A-A50F-10D8A28AB303}.Debug|Any CPU.ActiveCfg = Debug|Any CPU
		{50614216-A1EE-483A-A50F-10D8A28AB303}.Debug|Any CPU.Build.0 = Debug|Any CPU
		{50614216-A1EE-483A-A50F-10D8A28AB303}.Debug|iPhone.ActiveCfg = Debug|Any CPU
		{50614216-A1EE-483A-A50F-10D8A28AB303}.Debug|iPhone.Build.0 = Debug|Any CPU
		{50614216-A1EE-483A-A50F-10D8A28AB303}.Debug|iPhoneSimulator.ActiveCfg = Debug|Any CPU
		{50614216-A1EE-483A-A50F-10D8A28AB303}.Debug|iPhoneSimulator.Build.0 = Debug|Any CPU
		{50614216-A1EE-483A-A50F-10D8A28AB303}.Release|Any CPU.ActiveCfg = Release|Any CPU
		{50614216-A1EE-483A-A50F-10D8A28AB303}.Release|Any CPU.Build.0 = Release|Any CPU
		{50614216-A1EE-483A-A50F-10D8A28AB303}.Release|iPhone.ActiveCfg = Release|Any CPU
		{50614216-A1EE-483A-A50F-10D8A28AB303}.Release|iPhone.Build.0 = Release|Any CPU
		{50614216-A1EE-483A-A50F-10D8A28AB303}.Release|iPhoneSimulator.ActiveCfg = Release|Any CPU
		{50614216-A1EE-483A-A50F-10D8A28AB303}.Release|iPhoneSimulator.Build.0 = Release|Any CPU
	EndGlobalSection
	GlobalSection(SolutionProperties) = preSolution
		HideSolutionNode = FALSE
	EndGlobalSection
	GlobalSection(ExtensibilityGlobals) = postSolution
		SolutionGuid = {364E728D-B96E-47CB-9888-D04E458E8459}
	EndGlobalSection
EndGlobal
