
Microsoft Visual Studio Solution File, Format Version 12.00
# Visual Studio 15
VisualStudioVersion = 15.0.27428.2037
MinimumVisualStudioVersion = 10.0.40219.1
Project("{FAE04EC0-301F-11D3-BF4B-00C04F79EFBC}") = "Appen.Android", "Appen\Appen.Android\Appen.Android.csproj", "{E205E5EE-96F3-4E5C-A224-EE68FB285AF2}"
EndProject
Project("{FAE04EC0-301F-11D3-BF4B-00C04F79EFBC}") = "Appen.iOS", "Appen\Appen.iOS\Appen.iOS.csproj", "{2107CDC5-D6D2-4BF3-8177-ECDDA7E5AFF5}"
EndProject
Project("{FAE04EC0-301F-11D3-BF4B-00C04F79EFBC}") = "Appen", "Appen\Appen\Appen.csproj", "{73298711-6B12-4563-A673-6B981C9B23F5}"
EndProject
Global
	GlobalSection(SolutionConfigurationPlatforms) = preSolution
		Ad-Hoc|Any CPU = Ad-Hoc|Any CPU
		Ad-Hoc|iPhone = Ad-Hoc|iPhone
		Ad-Hoc|iPhoneSimulator = Ad-Hoc|iPhoneSimulator
		AppStore|Any CPU = AppStore|Any CPU
		AppStore|iPhone = AppStore|iPhone
		AppStore|iPhoneSimulator = AppStore|iPhoneSimulator
		Debug|Any CPU = Debug|Any CPU
		Debug|iPhone = Debug|iPhone
		Debug|iPhoneSimulator = Debug|iPhoneSimulator
		Release|Any CPU = Release|Any CPU
		Release|iPhone = Release|iPhone
		Release|iPhoneSimulator = Release|iPhoneSimulator
	EndGlobalSection
	GlobalSection(ProjectConfigurationPlatforms) = postSolution
		{E205E5EE-96F3-4E5C-A224-EE68FB285AF2}.Ad-Hoc|Any CPU.ActiveCfg = Release|Any CPU
		{E205E5EE-96F3-4E5C-A224-EE68FB285AF2}.Ad-Hoc|Any CPU.Build.0 = Release|Any CPU
		{E205E5EE-96F3-4E5C-A224-EE68FB285AF2}.Ad-Hoc|Any CPU.Deploy.0 = Release|Any CPU
		{E205E5EE-96F3-4E5C-A224-EE68FB285AF2}.Ad-Hoc|iPhone.ActiveCfg = Release|Any CPU
		{E205E5EE-96F3-4E5C-A224-EE68FB285AF2}.Ad-Hoc|iPhone.Build.0 = Release|Any CPU
		{E205E5EE-96F3-4E5C-A224-EE68FB285AF2}.Ad-Hoc|iPhone.Deploy.0 = Release|Any CPU
		{E205E5EE-96F3-4E5C-A224-EE68FB285AF2}.Ad-Hoc|iPhoneSimulator.ActiveCfg = Release|Any CPU
		{E205E5EE-96F3-4E5C-A224-EE68FB285AF2}.Ad-Hoc|iPhoneSimulator.Build.0 = Release|Any CPU
		{E205E5EE-96F3-4E5C-A224-EE68FB285AF2}.Ad-Hoc|iPhoneSimulator.Deploy.0 = Release|Any CPU
		{E205E5EE-96F3-4E5C-A224-EE68FB285AF2}.AppStore|Any CPU.ActiveCfg = Release|Any CPU
		{E205E5EE-96F3-4E5C-A224-EE68FB285AF2}.AppStore|Any CPU.Build.0 = Release|Any CPU
		{E205E5EE-96F3-4E5C-A224-EE68FB285AF2}.AppStore|Any CPU.Deploy.0 = Release|Any CPU
		{E205E5EE-96F3-4E5C-A224-EE68FB285AF2}.AppStore|iPhone.ActiveCfg = Release|Any CPU
		{E205E5EE-96F3-4E5C-A224-EE68FB285AF2}.AppStore|iPhone.Build.0 = Release|Any CPU
		{E205E5EE-96F3-4E5C-A224-EE68FB285AF2}.AppStore|iPhone.Deploy.0 = Release|Any CPU
		{E205E5EE-96F3-4E5C-A224-EE68FB285AF2}.AppStore|iPhoneSimulator.ActiveCfg = Release|Any CPU
		{E205E5EE-96F3-4E5C-A224-EE68FB285AF2}.AppStore|iPhoneSimulator.Build.0 = Release|Any CPU
		{E205E5EE-96F3-4E5C-A224-EE68FB285AF2}.AppStore|iPhoneSimulator.Deploy.0 = Release|Any CPU
		{E205E5EE-96F3-4E5C-A224-EE68FB285AF2}.Debug|Any CPU.ActiveCfg = Debug|Any CPU
		{E205E5EE-96F3-4E5C-A224-EE68FB285AF2}.Debug|Any CPU.Build.0 = Debug|Any CPU
		{E205E5EE-96F3-4E5C-A224-EE68FB285AF2}.Debug|Any CPU.Deploy.0 = Debug|Any CPU
		{E205E5EE-96F3-4E5C-A224-EE68FB285AF2}.Debug|iPhone.ActiveCfg = Debug|Any CPU
		{E205E5EE-96F3-4E5C-A224-EE68FB285AF2}.Debug|iPhone.Build.0 = Debug|Any CPU
		{E205E5EE-96F3-4E5C-A224-EE68FB285AF2}.Debug|iPhone.Deploy.0 = Debug|Any CPU
		{E205E5EE-96F3-4E5C-A224-EE68FB285AF2}.Debug|iPhoneSimulator.ActiveCfg = Debug|Any CPU
		{E205E5EE-96F3-4E5C-A224-EE68FB285AF2}.Debug|iPhoneSimulator.Build.0 = Debug|Any CPU
		{E205E5EE-96F3-4E5C-A224-EE68FB285AF2}.Debug|iPhoneSimulator.Deploy.0 = Debug|Any CPU
		{E205E5EE-96F3-4E5C-A224-EE68FB285AF2}.Release|Any CPU.ActiveCfg = Release|Any CPU
		{E205E5EE-96F3-4E5C-A224-EE68FB285AF2}.Release|Any CPU.Build.0 = Release|Any CPU
		{E205E5EE-96F3-4E5C-A224-EE68FB285AF2}.Release|Any CPU.Deploy.0 = Release|Any CPU
		{E205E5EE-96F3-4E5C-A224-EE68FB285AF2}.Release|iPhone.ActiveCfg = Release|Any CPU
		{E205E5EE-96F3-4E5C-A224-EE68FB285AF2}.Release|iPhone.Build.0 = Release|Any CPU
		{E205E5EE-96F3-4E5C-A224-EE68FB285AF2}.Release|iPhone.Deploy.0 = Release|Any CPU
		{E205E5EE-96F3-4E5C-A224-EE68FB285AF2}.Release|iPhoneSimulator.ActiveCfg = Release|Any CPU
		{E205E5EE-96F3-4E5C-A224-EE68FB285AF2}.Release|iPhoneSimulator.Build.0 = Release|Any CPU
		{E205E5EE-96F3-4E5C-A224-EE68FB285AF2}.Release|iPhoneSimulator.Deploy.0 = Release|Any CPU
		{2107CDC5-D6D2-4BF3-8177-ECDDA7E5AFF5}.Ad-Hoc|Any CPU.ActiveCfg = Ad-Hoc|iPhone
		{2107CDC5-D6D2-4BF3-8177-ECDDA7E5AFF5}.Ad-Hoc|iPhone.ActiveCfg = Ad-Hoc|iPhone
		{2107CDC5-D6D2-4BF3-8177-ECDDA7E5AFF5}.Ad-Hoc|iPhone.Build.0 = Ad-Hoc|iPhone
		{2107CDC5-D6D2-4BF3-8177-ECDDA7E5AFF5}.Ad-Hoc|iPhoneSimulator.ActiveCfg = Ad-Hoc|iPhoneSimulator
		{2107CDC5-D6D2-4BF3-8177-ECDDA7E5AFF5}.Ad-Hoc|iPhoneSimulator.Build.0 = Ad-Hoc|iPhoneSimulator
		{2107CDC5-D6D2-4BF3-8177-ECDDA7E5AFF5}.AppStore|Any CPU.ActiveCfg = AppStore|iPhone
		{2107CDC5-D6D2-4BF3-8177-ECDDA7E5AFF5}.AppStore|iPhone.ActiveCfg = AppStore|iPhone
		{2107CDC5-D6D2-4BF3-8177-ECDDA7E5AFF5}.AppStore|iPhone.Build.0 = AppStore|iPhone
		{2107CDC5-D6D2-4BF3-8177-ECDDA7E5AFF5}.AppStore|iPhoneSimulator.ActiveCfg = AppStore|iPhoneSimulator
		{2107CDC5-D6D2-4BF3-8177-ECDDA7E5AFF5}.AppStore|iPhoneSimulator.Build.0 = AppStore|iPhoneSimulator
		{2107CDC5-D6D2-4BF3-8177-ECDDA7E5AFF5}.Debug|Any CPU.ActiveCfg = Debug|iPhone
		{2107CDC5-D6D2-4BF3-8177-ECDDA7E5AFF5}.Debug|iPhone.ActiveCfg = Debug|iPhone
		{2107CDC5-D6D2-4BF3-8177-ECDDA7E5AFF5}.Debug|iPhone.Build.0 = Debug|iPhone
		{2107CDC5-D6D2-4BF3-8177-ECDDA7E5AFF5}.Debug|iPhoneSimulator.ActiveCfg = Debug|iPhoneSimulator
		{2107CDC5-D6D2-4BF3-8177-ECDDA7E5AFF5}.Debug|iPhoneSimulator.Build.0 = Debug|iPhoneSimulator
		{2107CDC5-D6D2-4BF3-8177-ECDDA7E5AFF5}.Release|Any CPU.ActiveCfg = Release|iPhone
		{2107CDC5-D6D2-4BF3-8177-ECDDA7E5AFF5}.Release|iPhone.ActiveCfg = Release|iPhone
		{2107CDC5-D6D2-4BF3-8177-ECDDA7E5AFF5}.Release|iPhone.Build.0 = Release|iPhone
		{2107CDC5-D6D2-4BF3-8177-ECDDA7E5AFF5}.Release|iPhoneSimulator.ActiveCfg = Release|iPhoneSimulator
		{2107CDC5-D6D2-4BF3-8177-ECDDA7E5AFF5}.Release|iPhoneSimulator.Build.0 = Release|iPhoneSimulator
		{73298711-6B12-4563-A673-6B981C9B23F5}.Ad-Hoc|Any CPU.ActiveCfg = Debug|Any CPU
		{73298711-6B12-4563-A673-6B981C9B23F5}.Ad-Hoc|Any CPU.Build.0 = Debug|Any CPU
		{73298711-6B12-4563-A673-6B981C9B23F5}.Ad-Hoc|iPhone.ActiveCfg = Debug|Any CPU
		{73298711-6B12-4563-A673-6B981C9B23F5}.Ad-Hoc|iPhone.Build.0 = Debug|Any CPU
		{73298711-6B12-4563-A673-6B981C9B23F5}.Ad-Hoc|iPhoneSimulator.ActiveCfg = Debug|Any CPU
		{73298711-6B12-4563-A673-6B981C9B23F5}.Ad-Hoc|iPhoneSimulator.Build.0 = Debug|Any CPU
		{73298711-6B12-4563-A673-6B981C9B23F5}.AppStore|Any CPU.ActiveCfg = Debug|Any CPU
		{73298711-6B12-4563-A673-6B981C9B23F5}.AppStore|Any CPU.Build.0 = Debug|Any CPU
		{73298711-6B12-4563-A673-6B981C9B23F5}.AppStore|iPhone.ActiveCfg = Debug|Any CPU
		{73298711-6B12-4563-A673-6B981C9B23F5}.AppStore|iPhone.Build.0 = Debug|Any CPU
		{73298711-6B12-4563-A673-6B981C9B23F5}.AppStore|iPhoneSimulator.ActiveCfg = Debug|Any CPU
		{73298711-6B12-4563-A673-6B981C9B23F5}.AppStore|iPhoneSimulator.Build.0 = Debug|Any CPU
		{73298711-6B12-4563-A673-6B981C9B23F5}.Debug|Any CPU.ActiveCfg = Debug|Any CPU
		{73298711-6B12-4563-A673-6B981C9B23F5}.Debug|Any CPU.Build.0 = Debug|Any CPU
		{73298711-6B12-4563-A673-6B981C9B23F5}.Debug|iPhone.ActiveCfg = Debug|Any CPU
		{73298711-6B12-4563-A673-6B981C9B23F5}.Debug|iPhone.Build.0 = Debug|Any CPU
		{73298711-6B12-4563-A673-6B981C9B23F5}.Debug|iPhoneSimulator.ActiveCfg = Debug|Any CPU
		{73298711-6B12-4563-A673-6B981C9B23F5}.Debug|iPhoneSimulator.Build.0 = Debug|Any CPU
		{73298711-6B12-4563-A673-6B981C9B23F5}.Release|Any CPU.ActiveCfg = Release|Any CPU
		{73298711-6B12-4563-A673-6B981C9B23F5}.Release|Any CPU.Build.0 = Release|Any CPU
		{73298711-6B12-4563-A673-6B981C9B23F5}.Release|iPhone.ActiveCfg = Release|Any CPU
		{73298711-6B12-4563-A673-6B981C9B23F5}.Release|iPhone.Build.0 = Release|Any CPU
		{73298711-6B12-4563-A673-6B981C9B23F5}.Release|iPhoneSimulator.ActiveCfg = Release|Any CPU
		{73298711-6B12-4563-A673-6B981C9B23F5}.Release|iPhoneSimulator.Build.0 = Release|Any CPU
	EndGlobalSection
	GlobalSection(SolutionProperties) = preSolution
		HideSolutionNode = FALSE
	EndGlobalSection
	GlobalSection(ExtensibilityGlobals) = postSolution
		SolutionGuid = {364E728D-B96E-47CB-9888-D04E458E8459}
	EndGlobalSection
EndGlobal
