
Microsoft Visual Studio Solution File, Format Version 12.00
# Visual Studio 15
VisualStudioVersion = 15.0.26730.10
MinimumVisualStudioVersion = 10.0.40219.1


Project("{9A19103F-16F7-4668-BE54-9A1E7A4F7556}") = "LokalaFavoriter", "LokalaFavoriter\LokalaFavoriter\LokalaFavoriter.csproj", "{7454B802-6AC3-4C98-8BBC-ABE385A0B4EE}"
EndProject

Project("{FAE04EC0-301F-11D3-BF4B-00C04F79EFBC}") = "LokalaFavoriter.iOS", "LokalaFavoriter\LokalaFavoriter.iOS\LokalaFavoriter.iOS.csproj", "{31AABCE6-EDB5-4847-89A5-338651AD177D}"
EndProject


Project("{FAE04EC0-301F-11D3-BF4B-00C04F79EFBC}") = "LokalaFavoriter.Android", "LokalaFavoriter\LokalaFavoriter.Android\LokalaFavoriter.Android.csproj", "{019511DC-4413-4A24-92A1-A6F3174333AC}"
EndProject

Project("{FAE04EC0-301F-11D3-BF4B-00C04F79EFBC}") = "LokalaFavoriter.UWP", "LokalaFavoriter\LokalaFavoriter.UWP\LokalaFavoriter.UWP.csproj", "{648E969E-1A50-4019-A40C-B9BC506BB03A}"
EndProject

Global
	GlobalSection(SolutionConfigurationPlatforms) = preSolution
		Ad-Hoc|Any CPU = Ad-Hoc|Any CPU
		Ad-Hoc|ARM = Ad-Hoc|ARM
		Ad-Hoc|iPhone = Ad-Hoc|iPhone
		Ad-Hoc|iPhoneSimulator = Ad-Hoc|iPhoneSimulator
		Ad-Hoc|x64 = Ad-Hoc|x64
		Ad-Hoc|x86 = Ad-Hoc|x86
		AppStore|Any CPU = AppStore|Any CPU
		AppStore|ARM = AppStore|ARM
		AppStore|iPhone = AppStore|iPhone
		AppStore|iPhoneSimulator = AppStore|iPhoneSimulator
		AppStore|x64 = AppStore|x64
		AppStore|x86 = AppStore|x86
		Debug|Any CPU = Debug|Any CPU
		Debug|ARM = Debug|ARM
		Debug|iPhone = Debug|iPhone
		Debug|iPhoneSimulator = Debug|iPhoneSimulator
		Debug|x64 = Debug|x64
		Debug|x86 = Debug|x86
		Release|Any CPU = Release|Any CPU
		Release|ARM = Release|ARM
		Release|iPhone = Release|iPhone
		Release|iPhoneSimulator = Release|iPhoneSimulator
		Release|x64 = Release|x64
		Release|x86 = Release|x86
	EndGlobalSection
	GlobalSection(ProjectConfigurationPlatforms) = postSolution
		{7454B802-6AC3-4C98-8BBC-ABE385A0B4EE}.Ad-Hoc|Any CPU.ActiveCfg = Debug|Any CPU
		{7454B802-6AC3-4C98-8BBC-ABE385A0B4EE}.Ad-Hoc|Any CPU.Build.0 = Debug|Any CPU
		{7454B802-6AC3-4C98-8BBC-ABE385A0B4EE}.Ad-Hoc|ARM.ActiveCfg = Debug|Any CPU
		{7454B802-6AC3-4C98-8BBC-ABE385A0B4EE}.Ad-Hoc|ARM.Build.0 = Debug|Any CPU
		{7454B802-6AC3-4C98-8BBC-ABE385A0B4EE}.Ad-Hoc|iPhone.ActiveCfg = Debug|Any CPU
		{7454B802-6AC3-4C98-8BBC-ABE385A0B4EE}.Ad-Hoc|iPhone.Build.0 = Debug|Any CPU
		{7454B802-6AC3-4C98-8BBC-ABE385A0B4EE}.Ad-Hoc|iPhoneSimulator.ActiveCfg = Debug|Any CPU
		{7454B802-6AC3-4C98-8BBC-ABE385A0B4EE}.Ad-Hoc|iPhoneSimulator.Build.0 = Debug|Any CPU
		{7454B802-6AC3-4C98-8BBC-ABE385A0B4EE}.Ad-Hoc|x64.ActiveCfg = Debug|Any CPU
		{7454B802-6AC3-4C98-8BBC-ABE385A0B4EE}.Ad-Hoc|x64.Build.0 = Debug|Any CPU
		{7454B802-6AC3-4C98-8BBC-ABE385A0B4EE}.Ad-Hoc|x86.ActiveCfg = Debug|Any CPU
		{7454B802-6AC3-4C98-8BBC-ABE385A0B4EE}.Ad-Hoc|x86.Build.0 = Debug|Any CPU
		{7454B802-6AC3-4C98-8BBC-ABE385A0B4EE}.AppStore|Any CPU.ActiveCfg = Debug|Any CPU
		{7454B802-6AC3-4C98-8BBC-ABE385A0B4EE}.AppStore|Any CPU.Build.0 = Debug|Any CPU
		{7454B802-6AC3-4C98-8BBC-ABE385A0B4EE}.AppStore|ARM.ActiveCfg = Debug|Any CPU
		{7454B802-6AC3-4C98-8BBC-ABE385A0B4EE}.AppStore|ARM.Build.0 = Debug|Any CPU
		{7454B802-6AC3-4C98-8BBC-ABE385A0B4EE}.AppStore|iPhone.ActiveCfg = Debug|Any CPU
		{7454B802-6AC3-4C98-8BBC-ABE385A0B4EE}.AppStore|iPhone.Build.0 = Debug|Any CPU
		{7454B802-6AC3-4C98-8BBC-ABE385A0B4EE}.AppStore|iPhoneSimulator.ActiveCfg = Debug|Any CPU
		{7454B802-6AC3-4C98-8BBC-ABE385A0B4EE}.AppStore|iPhoneSimulator.Build.0 = Debug|Any CPU
		{7454B802-6AC3-4C98-8BBC-ABE385A0B4EE}.AppStore|x64.ActiveCfg = Debug|Any CPU
		{7454B802-6AC3-4C98-8BBC-ABE385A0B4EE}.AppStore|x64.Build.0 = Debug|Any CPU
		{7454B802-6AC3-4C98-8BBC-ABE385A0B4EE}.AppStore|x86.ActiveCfg = Debug|Any CPU
		{7454B802-6AC3-4C98-8BBC-ABE385A0B4EE}.AppStore|x86.Build.0 = Debug|Any CPU
		{7454B802-6AC3-4C98-8BBC-ABE385A0B4EE}.Debug|Any CPU.ActiveCfg = Debug|Any CPU
		{7454B802-6AC3-4C98-8BBC-ABE385A0B4EE}.Debug|Any CPU.Build.0 = Debug|Any CPU
		{7454B802-6AC3-4C98-8BBC-ABE385A0B4EE}.Debug|ARM.ActiveCfg = Debug|Any CPU
		{7454B802-6AC3-4C98-8BBC-ABE385A0B4EE}.Debug|ARM.Build.0 = Debug|Any CPU
		{7454B802-6AC3-4C98-8BBC-ABE385A0B4EE}.Debug|iPhone.ActiveCfg = Debug|Any CPU
		{7454B802-6AC3-4C98-8BBC-ABE385A0B4EE}.Debug|iPhone.Build.0 = Debug|Any CPU
		{7454B802-6AC3-4C98-8BBC-ABE385A0B4EE}.Debug|iPhoneSimulator.ActiveCfg = Debug|Any CPU
		{7454B802-6AC3-4C98-8BBC-ABE385A0B4EE}.Debug|iPhoneSimulator.Build.0 = Debug|Any CPU
		{7454B802-6AC3-4C98-8BBC-ABE385A0B4EE}.Debug|x64.ActiveCfg = Debug|Any CPU
		{7454B802-6AC3-4C98-8BBC-ABE385A0B4EE}.Debug|x64.Build.0 = Debug|Any CPU
		{7454B802-6AC3-4C98-8BBC-ABE385A0B4EE}.Debug|x86.ActiveCfg = Debug|Any CPU
		{7454B802-6AC3-4C98-8BBC-ABE385A0B4EE}.Debug|x86.Build.0 = Debug|Any CPU
		{7454B802-6AC3-4C98-8BBC-ABE385A0B4EE}.Release|Any CPU.ActiveCfg = Release|Any CPU
		{7454B802-6AC3-4C98-8BBC-ABE385A0B4EE}.Release|Any CPU.Build.0 = Release|Any CPU
		{7454B802-6AC3-4C98-8BBC-ABE385A0B4EE}.Release|ARM.ActiveCfg = Release|Any CPU
		{7454B802-6AC3-4C98-8BBC-ABE385A0B4EE}.Release|ARM.Build.0 = Release|Any CPU
		{7454B802-6AC3-4C98-8BBC-ABE385A0B4EE}.Release|iPhone.ActiveCfg = Release|Any CPU
		{7454B802-6AC3-4C98-8BBC-ABE385A0B4EE}.Release|iPhone.Build.0 = Release|Any CPU
		{7454B802-6AC3-4C98-8BBC-ABE385A0B4EE}.Release|iPhoneSimulator.ActiveCfg = Release|Any CPU
		{7454B802-6AC3-4C98-8BBC-ABE385A0B4EE}.Release|iPhoneSimulator.Build.0 = Release|Any CPU
		{7454B802-6AC3-4C98-8BBC-ABE385A0B4EE}.Release|x64.ActiveCfg = Release|Any CPU
		{7454B802-6AC3-4C98-8BBC-ABE385A0B4EE}.Release|x64.Build.0 = Release|Any CPU
		{7454B802-6AC3-4C98-8BBC-ABE385A0B4EE}.Release|x86.ActiveCfg = Release|Any CPU
		{7454B802-6AC3-4C98-8BBC-ABE385A0B4EE}.Release|x86.Build.0 = Release|Any CPU
		{31AABCE6-EDB5-4847-89A5-338651AD177D}.Ad-Hoc|Any CPU.ActiveCfg = Ad-Hoc|iPhone
		{31AABCE6-EDB5-4847-89A5-338651AD177D}.Ad-Hoc|ARM.ActiveCfg = Ad-Hoc|iPhone
		{31AABCE6-EDB5-4847-89A5-338651AD177D}.Ad-Hoc|iPhone.ActiveCfg = Ad-Hoc|iPhone
		{31AABCE6-EDB5-4847-89A5-338651AD177D}.Ad-Hoc|iPhone.Build.0 = Ad-Hoc|iPhone
		{31AABCE6-EDB5-4847-89A5-338651AD177D}.Ad-Hoc|iPhoneSimulator.ActiveCfg = Ad-Hoc|iPhoneSimulator
		{31AABCE6-EDB5-4847-89A5-338651AD177D}.Ad-Hoc|iPhoneSimulator.Build.0 = Ad-Hoc|iPhoneSimulator
		{31AABCE6-EDB5-4847-89A5-338651AD177D}.Ad-Hoc|x64.ActiveCfg = Ad-Hoc|iPhone
		{31AABCE6-EDB5-4847-89A5-338651AD177D}.Ad-Hoc|x86.ActiveCfg = Ad-Hoc|iPhone
		{31AABCE6-EDB5-4847-89A5-338651AD177D}.AppStore|Any CPU.ActiveCfg = AppStore|iPhone
		{31AABCE6-EDB5-4847-89A5-338651AD177D}.AppStore|ARM.ActiveCfg = AppStore|iPhone
		{31AABCE6-EDB5-4847-89A5-338651AD177D}.AppStore|iPhone.ActiveCfg = AppStore|iPhone
		{31AABCE6-EDB5-4847-89A5-338651AD177D}.AppStore|iPhone.Build.0 = AppStore|iPhone
		{31AABCE6-EDB5-4847-89A5-338651AD177D}.AppStore|iPhoneSimulator.ActiveCfg = AppStore|iPhoneSimulator
		{31AABCE6-EDB5-4847-89A5-338651AD177D}.AppStore|iPhoneSimulator.Build.0 = AppStore|iPhoneSimulator
		{31AABCE6-EDB5-4847-89A5-338651AD177D}.AppStore|x64.ActiveCfg = AppStore|iPhone
		{31AABCE6-EDB5-4847-89A5-338651AD177D}.AppStore|x86.ActiveCfg = AppStore|iPhone
		{31AABCE6-EDB5-4847-89A5-338651AD177D}.Debug|Any CPU.ActiveCfg = Debug|iPhone
		{31AABCE6-EDB5-4847-89A5-338651AD177D}.Debug|ARM.ActiveCfg = Debug|iPhone
		{31AABCE6-EDB5-4847-89A5-338651AD177D}.Debug|iPhone.ActiveCfg = Debug|iPhone
		{31AABCE6-EDB5-4847-89A5-338651AD177D}.Debug|iPhone.Build.0 = Debug|iPhone
		{31AABCE6-EDB5-4847-89A5-338651AD177D}.Debug|iPhoneSimulator.ActiveCfg = Debug|iPhoneSimulator
		{31AABCE6-EDB5-4847-89A5-338651AD177D}.Debug|iPhoneSimulator.Build.0 = Debug|iPhoneSimulator
		{31AABCE6-EDB5-4847-89A5-338651AD177D}.Debug|x64.ActiveCfg = Debug|iPhone
		{31AABCE6-EDB5-4847-89A5-338651AD177D}.Debug|x86.ActiveCfg = Debug|iPhone
		{31AABCE6-EDB5-4847-89A5-338651AD177D}.Release|Any CPU.ActiveCfg = Release|iPhone
		{31AABCE6-EDB5-4847-89A5-338651AD177D}.Release|ARM.ActiveCfg = Release|iPhone
		{31AABCE6-EDB5-4847-89A5-338651AD177D}.Release|iPhone.ActiveCfg = Release|iPhone
		{31AABCE6-EDB5-4847-89A5-338651AD177D}.Release|iPhone.Build.0 = Release|iPhone
		{31AABCE6-EDB5-4847-89A5-338651AD177D}.Release|iPhoneSimulator.ActiveCfg = Release|iPhoneSimulator
		{31AABCE6-EDB5-4847-89A5-338651AD177D}.Release|iPhoneSimulator.Build.0 = Release|iPhoneSimulator
		{31AABCE6-EDB5-4847-89A5-338651AD177D}.Release|x64.ActiveCfg = Release|iPhone
		{31AABCE6-EDB5-4847-89A5-338651AD177D}.Release|x86.ActiveCfg = Release|iPhone
		{648E969E-1A50-4019-A40C-B9BC506BB03A}.Ad-Hoc|Any CPU.ActiveCfg = Release|x86
		{648E969E-1A50-4019-A40C-B9BC506BB03A}.Ad-Hoc|Any CPU.Build.0 = Release|x86
		{648E969E-1A50-4019-A40C-B9BC506BB03A}.Ad-Hoc|Any CPU.Deploy.0 = Release|x86
		{648E969E-1A50-4019-A40C-B9BC506BB03A}.Ad-Hoc|ARM.ActiveCfg = Release|ARM
		{648E969E-1A50-4019-A40C-B9BC506BB03A}.Ad-Hoc|ARM.Build.0 = Release|ARM
		{648E969E-1A50-4019-A40C-B9BC506BB03A}.Ad-Hoc|ARM.Deploy.0 = Release|ARM
		{648E969E-1A50-4019-A40C-B9BC506BB03A}.Ad-Hoc|iPhone.ActiveCfg = Release|x86
		{648E969E-1A50-4019-A40C-B9BC506BB03A}.Ad-Hoc|iPhone.Build.0 = Release|x86
		{648E969E-1A50-4019-A40C-B9BC506BB03A}.Ad-Hoc|iPhone.Deploy.0 = Release|x86
		{648E969E-1A50-4019-A40C-B9BC506BB03A}.Ad-Hoc|iPhoneSimulator.ActiveCfg = Release|x86
		{648E969E-1A50-4019-A40C-B9BC506BB03A}.Ad-Hoc|iPhoneSimulator.Build.0 = Release|x86
		{648E969E-1A50-4019-A40C-B9BC506BB03A}.Ad-Hoc|iPhoneSimulator.Deploy.0 = Release|x86
		{648E969E-1A50-4019-A40C-B9BC506BB03A}.Ad-Hoc|x64.ActiveCfg = Release|x64
		{648E969E-1A50-4019-A40C-B9BC506BB03A}.Ad-Hoc|x64.Build.0 = Release|x64
		{648E969E-1A50-4019-A40C-B9BC506BB03A}.Ad-Hoc|x64.Deploy.0 = Release|x64
		{648E969E-1A50-4019-A40C-B9BC506BB03A}.Ad-Hoc|x86.ActiveCfg = Release|x86
		{648E969E-1A50-4019-A40C-B9BC506BB03A}.Ad-Hoc|x86.Build.0 = Release|x86
		{648E969E-1A50-4019-A40C-B9BC506BB03A}.Ad-Hoc|x86.Deploy.0 = Release|x86
		{648E969E-1A50-4019-A40C-B9BC506BB03A}.AppStore|Any CPU.ActiveCfg = Release|x86
		{648E969E-1A50-4019-A40C-B9BC506BB03A}.AppStore|Any CPU.Build.0 = Release|x86
		{648E969E-1A50-4019-A40C-B9BC506BB03A}.AppStore|Any CPU.Deploy.0 = Release|x86
		{648E969E-1A50-4019-A40C-B9BC506BB03A}.AppStore|ARM.ActiveCfg = Release|ARM
		{648E969E-1A50-4019-A40C-B9BC506BB03A}.AppStore|ARM.Build.0 = Release|ARM
		{648E969E-1A50-4019-A40C-B9BC506BB03A}.AppStore|ARM.Deploy.0 = Release|ARM
		{648E969E-1A50-4019-A40C-B9BC506BB03A}.AppStore|iPhone.ActiveCfg = Release|x86
		{648E969E-1A50-4019-A40C-B9BC506BB03A}.AppStore|iPhone.Build.0 = Release|x86
		{648E969E-1A50-4019-A40C-B9BC506BB03A}.AppStore|iPhone.Deploy.0 = Release|x86
		{648E969E-1A50-4019-A40C-B9BC506BB03A}.AppStore|iPhoneSimulator.ActiveCfg = Release|x86
		{648E969E-1A50-4019-A40C-B9BC506BB03A}.AppStore|iPhoneSimulator.Build.0 = Release|x86
		{648E969E-1A50-4019-A40C-B9BC506BB03A}.AppStore|iPhoneSimulator.Deploy.0 = Release|x86
		{648E969E-1A50-4019-A40C-B9BC506BB03A}.AppStore|x64.ActiveCfg = Release|x64
		{648E969E-1A50-4019-A40C-B9BC506BB03A}.AppStore|x64.Build.0 = Release|x64
		{648E969E-1A50-4019-A40C-B9BC506BB03A}.AppStore|x64.Deploy.0 = Release|x64
		{648E969E-1A50-4019-A40C-B9BC506BB03A}.AppStore|x86.ActiveCfg = Release|x86
		{648E969E-1A50-4019-A40C-B9BC506BB03A}.AppStore|x86.Build.0 = Release|x86
		{648E969E-1A50-4019-A40C-B9BC506BB03A}.AppStore|x86.Deploy.0 = Release|x86
		{648E969E-1A50-4019-A40C-B9BC506BB03A}.Debug|Any CPU.ActiveCfg = Debug|x86
		{648E969E-1A50-4019-A40C-B9BC506BB03A}.Debug|ARM.ActiveCfg = Debug|ARM
		{648E969E-1A50-4019-A40C-B9BC506BB03A}.Debug|ARM.Build.0 = Debug|ARM
		{648E969E-1A50-4019-A40C-B9BC506BB03A}.Debug|ARM.Deploy.0 = Debug|ARM
		{648E969E-1A50-4019-A40C-B9BC506BB03A}.Debug|iPhone.ActiveCfg = Debug|x86
		{648E969E-1A50-4019-A40C-B9BC506BB03A}.Debug|iPhoneSimulator.ActiveCfg = Debug|x86
		{648E969E-1A50-4019-A40C-B9BC506BB03A}.Debug|x64.ActiveCfg = Debug|x64
		{648E969E-1A50-4019-A40C-B9BC506BB03A}.Debug|x64.Build.0 = Debug|x64
		{648E969E-1A50-4019-A40C-B9BC506BB03A}.Debug|x64.Deploy.0 = Debug|x64
		{648E969E-1A50-4019-A40C-B9BC506BB03A}.Debug|x86.ActiveCfg = Debug|x86
		{648E969E-1A50-4019-A40C-B9BC506BB03A}.Debug|x86.Build.0 = Debug|x86
		{648E969E-1A50-4019-A40C-B9BC506BB03A}.Debug|x86.Deploy.0 = Debug|x86
		{648E969E-1A50-4019-A40C-B9BC506BB03A}.Release|Any CPU.ActiveCfg = Release|x86
		{648E969E-1A50-4019-A40C-B9BC506BB03A}.Release|ARM.ActiveCfg = Release|ARM
		{648E969E-1A50-4019-A40C-B9BC506BB03A}.Release|ARM.Build.0 = Release|ARM
		{648E969E-1A50-4019-A40C-B9BC506BB03A}.Release|ARM.Deploy.0 = Release|ARM
		{648E969E-1A50-4019-A40C-B9BC506BB03A}.Release|iPhone.ActiveCfg = Release|x86
		{648E969E-1A50-4019-A40C-B9BC506BB03A}.Release|iPhoneSimulator.ActiveCfg = Release|x86
		{648E969E-1A50-4019-A40C-B9BC506BB03A}.Release|x64.ActiveCfg = Release|x64
		{648E969E-1A50-4019-A40C-B9BC506BB03A}.Release|x64.Build.0 = Release|x64
		{648E969E-1A50-4019-A40C-B9BC506BB03A}.Release|x64.Deploy.0 = Release|x64
		{648E969E-1A50-4019-A40C-B9BC506BB03A}.Release|x86.ActiveCfg = Release|x86
		{648E969E-1A50-4019-A40C-B9BC506BB03A}.Release|x86.Build.0 = Release|x86
		{648E969E-1A50-4019-A40C-B9BC506BB03A}.Release|x86.Deploy.0 = Release|x86
		{20FDA6ED-B68E-4610-807B-F358668F181E}.Ad-Hoc|Any CPU.ActiveCfg = Release|Any CPU
		{20FDA6ED-B68E-4610-807B-F358668F181E}.Ad-Hoc|Any CPU.Build.0 = Release|Any CPU
		{20FDA6ED-B68E-4610-807B-F358668F181E}.Ad-Hoc|Any CPU.Deploy.0 = Release|Any CPU
		{20FDA6ED-B68E-4610-807B-F358668F181E}.Ad-Hoc|ARM.ActiveCfg = Release|Any CPU
		{20FDA6ED-B68E-4610-807B-F358668F181E}.Ad-Hoc|ARM.Build.0 = Release|Any CPU
		{20FDA6ED-B68E-4610-807B-F358668F181E}.Ad-Hoc|ARM.Deploy.0 = Release|Any CPU
		{20FDA6ED-B68E-4610-807B-F358668F181E}.Ad-Hoc|iPhone.ActiveCfg = Release|Any CPU
		{20FDA6ED-B68E-4610-807B-F358668F181E}.Ad-Hoc|iPhone.Build.0 = Release|Any CPU
		{20FDA6ED-B68E-4610-807B-F358668F181E}.Ad-Hoc|iPhone.Deploy.0 = Release|Any CPU
		{20FDA6ED-B68E-4610-807B-F358668F181E}.Ad-Hoc|iPhoneSimulator.ActiveCfg = Release|Any CPU
		{20FDA6ED-B68E-4610-807B-F358668F181E}.Ad-Hoc|iPhoneSimulator.Build.0 = Release|Any CPU
		{20FDA6ED-B68E-4610-807B-F358668F181E}.Ad-Hoc|iPhoneSimulator.Deploy.0 = Release|Any CPU
		{20FDA6ED-B68E-4610-807B-F358668F181E}.Ad-Hoc|x64.ActiveCfg = Release|Any CPU
		{20FDA6ED-B68E-4610-807B-F358668F181E}.Ad-Hoc|x64.Build.0 = Release|Any CPU
		{20FDA6ED-B68E-4610-807B-F358668F181E}.Ad-Hoc|x64.Deploy.0 = Release|Any CPU
		{20FDA6ED-B68E-4610-807B-F358668F181E}.Ad-Hoc|x86.ActiveCfg = Release|Any CPU
		{20FDA6ED-B68E-4610-807B-F358668F181E}.Ad-Hoc|x86.Build.0 = Release|Any CPU
		{20FDA6ED-B68E-4610-807B-F358668F181E}.Ad-Hoc|x86.Deploy.0 = Release|Any CPU
		{20FDA6ED-B68E-4610-807B-F358668F181E}.AppStore|Any CPU.ActiveCfg = Release|Any CPU
		{20FDA6ED-B68E-4610-807B-F358668F181E}.AppStore|Any CPU.Build.0 = Release|Any CPU
		{20FDA6ED-B68E-4610-807B-F358668F181E}.AppStore|Any CPU.Deploy.0 = Release|Any CPU
		{20FDA6ED-B68E-4610-807B-F358668F181E}.AppStore|ARM.ActiveCfg = Release|Any CPU
		{20FDA6ED-B68E-4610-807B-F358668F181E}.AppStore|ARM.Build.0 = Release|Any CPU
		{20FDA6ED-B68E-4610-807B-F358668F181E}.AppStore|ARM.Deploy.0 = Release|Any CPU
		{20FDA6ED-B68E-4610-807B-F358668F181E}.AppStore|iPhone.ActiveCfg = Release|Any CPU
		{20FDA6ED-B68E-4610-807B-F358668F181E}.AppStore|iPhone.Build.0 = Release|Any CPU
		{20FDA6ED-B68E-4610-807B-F358668F181E}.AppStore|iPhone.Deploy.0 = Release|Any CPU
		{20FDA6ED-B68E-4610-807B-F358668F181E}.AppStore|iPhoneSimulator.ActiveCfg = Release|Any CPU
		{20FDA6ED-B68E-4610-807B-F358668F181E}.AppStore|iPhoneSimulator.Build.0 = Release|Any CPU
		{20FDA6ED-B68E-4610-807B-F358668F181E}.AppStore|iPhoneSimulator.Deploy.0 = Release|Any CPU
		{20FDA6ED-B68E-4610-807B-F358668F181E}.AppStore|x64.ActiveCfg = Release|Any CPU
		{20FDA6ED-B68E-4610-807B-F358668F181E}.AppStore|x64.Build.0 = Release|Any CPU
		{20FDA6ED-B68E-4610-807B-F358668F181E}.AppStore|x64.Deploy.0 = Release|Any CPU
		{20FDA6ED-B68E-4610-807B-F358668F181E}.AppStore|x86.ActiveCfg = Release|Any CPU
		{20FDA6ED-B68E-4610-807B-F358668F181E}.AppStore|x86.Build.0 = Release|Any CPU
		{20FDA6ED-B68E-4610-807B-F358668F181E}.AppStore|x86.Deploy.0 = Release|Any CPU
		{20FDA6ED-B68E-4610-807B-F358668F181E}.Debug|Any CPU.ActiveCfg = Debug|Any CPU
		{20FDA6ED-B68E-4610-807B-F358668F181E}.Debug|Any CPU.Build.0 = Debug|Any CPU
		{20FDA6ED-B68E-4610-807B-F358668F181E}.Debug|Any CPU.Deploy.0 = Debug|Any CPU
		{20FDA6ED-B68E-4610-807B-F358668F181E}.Debug|ARM.ActiveCfg = Debug|Any CPU
		{20FDA6ED-B68E-4610-807B-F358668F181E}.Debug|ARM.Build.0 = Debug|Any CPU
		{20FDA6ED-B68E-4610-807B-F358668F181E}.Debug|ARM.Deploy.0 = Debug|Any CPU
		{20FDA6ED-B68E-4610-807B-F358668F181E}.Debug|iPhone.ActiveCfg = Debug|Any CPU
		{20FDA6ED-B68E-4610-807B-F358668F181E}.Debug|iPhone.Build.0 = Debug|Any CPU
		{20FDA6ED-B68E-4610-807B-F358668F181E}.Debug|iPhone.Deploy.0 = Debug|Any CPU
		{20FDA6ED-B68E-4610-807B-F358668F181E}.Debug|iPhoneSimulator.ActiveCfg = Debug|Any CPU
		{20FDA6ED-B68E-4610-807B-F358668F181E}.Debug|iPhoneSimulator.Build.0 = Debug|Any CPU
		{20FDA6ED-B68E-4610-807B-F358668F181E}.Debug|iPhoneSimulator.Deploy.0 = Debug|Any CPU
		{20FDA6ED-B68E-4610-807B-F358668F181E}.Debug|x64.ActiveCfg = Debug|Any CPU
		{20FDA6ED-B68E-4610-807B-F358668F181E}.Debug|x64.Build.0 = Debug|Any CPU
		{20FDA6ED-B68E-4610-807B-F358668F181E}.Debug|x64.Deploy.0 = Debug|Any CPU
		{20FDA6ED-B68E-4610-807B-F358668F181E}.Debug|x86.ActiveCfg = Debug|Any CPU
		{20FDA6ED-B68E-4610-807B-F358668F181E}.Debug|x86.Build.0 = Debug|Any CPU
		{20FDA6ED-B68E-4610-807B-F358668F181E}.Debug|x86.Deploy.0 = Debug|Any CPU
		{20FDA6ED-B68E-4610-807B-F358668F181E}.Release|Any CPU.ActiveCfg = Release|Any CPU
		{20FDA6ED-B68E-4610-807B-F358668F181E}.Release|Any CPU.Build.0 = Release|Any CPU
		{20FDA6ED-B68E-4610-807B-F358668F181E}.Release|Any CPU.Deploy.0 = Release|Any CPU
		{20FDA6ED-B68E-4610-807B-F358668F181E}.Release|ARM.ActiveCfg = Release|Any CPU
		{20FDA6ED-B68E-4610-807B-F358668F181E}.Release|ARM.Build.0 = Release|Any CPU
		{20FDA6ED-B68E-4610-807B-F358668F181E}.Release|ARM.Deploy.0 = Release|Any CPU
		{20FDA6ED-B68E-4610-807B-F358668F181E}.Release|iPhone.ActiveCfg = Release|Any CPU
		{20FDA6ED-B68E-4610-807B-F358668F181E}.Release|iPhone.Build.0 = Release|Any CPU
		{20FDA6ED-B68E-4610-807B-F358668F181E}.Release|iPhone.Deploy.0 = Release|Any CPU
		{20FDA6ED-B68E-4610-807B-F358668F181E}.Release|iPhoneSimulator.ActiveCfg = Release|Any CPU
		{20FDA6ED-B68E-4610-807B-F358668F181E}.Release|iPhoneSimulator.Build.0 = Release|Any CPU
		{20FDA6ED-B68E-4610-807B-F358668F181E}.Release|iPhoneSimulator.Deploy.0 = Release|Any CPU
		{20FDA6ED-B68E-4610-807B-F358668F181E}.Release|x64.ActiveCfg = Release|Any CPU
		{20FDA6ED-B68E-4610-807B-F358668F181E}.Release|x64.Build.0 = Release|Any CPU
		{20FDA6ED-B68E-4610-807B-F358668F181E}.Release|x64.Deploy.0 = Release|Any CPU
		{20FDA6ED-B68E-4610-807B-F358668F181E}.Release|x86.ActiveCfg = Release|Any CPU
		{20FDA6ED-B68E-4610-807B-F358668F181E}.Release|x86.Build.0 = Release|Any CPU
		{20FDA6ED-B68E-4610-807B-F358668F181E}.Release|x86.Deploy.0 = Release|Any CPU
		{B445DF73-AC9E-4276-9FBA-7CB5AD5D2518}.Ad-Hoc|Any CPU.ActiveCfg = Release|Any CPU
		{B445DF73-AC9E-4276-9FBA-7CB5AD5D2518}.Ad-Hoc|Any CPU.Build.0 = Release|Any CPU
		{B445DF73-AC9E-4276-9FBA-7CB5AD5D2518}.Ad-Hoc|ARM.ActiveCfg = Release|Any CPU
		{B445DF73-AC9E-4276-9FBA-7CB5AD5D2518}.Ad-Hoc|ARM.Build.0 = Release|Any CPU
		{B445DF73-AC9E-4276-9FBA-7CB5AD5D2518}.Ad-Hoc|iPhone.ActiveCfg = Release|Any CPU
		{B445DF73-AC9E-4276-9FBA-7CB5AD5D2518}.Ad-Hoc|iPhone.Build.0 = Release|Any CPU
		{B445DF73-AC9E-4276-9FBA-7CB5AD5D2518}.Ad-Hoc|iPhoneSimulator.ActiveCfg = Release|Any CPU
		{B445DF73-AC9E-4276-9FBA-7CB5AD5D2518}.Ad-Hoc|iPhoneSimulator.Build.0 = Release|Any CPU
		{B445DF73-AC9E-4276-9FBA-7CB5AD5D2518}.Ad-Hoc|x64.ActiveCfg = Release|Any CPU
		{B445DF73-AC9E-4276-9FBA-7CB5AD5D2518}.Ad-Hoc|x64.Build.0 = Release|Any CPU
		{B445DF73-AC9E-4276-9FBA-7CB5AD5D2518}.Ad-Hoc|x86.ActiveCfg = Release|Any CPU
		{B445DF73-AC9E-4276-9FBA-7CB5AD5D2518}.Ad-Hoc|x86.Build.0 = Release|Any CPU
		{B445DF73-AC9E-4276-9FBA-7CB5AD5D2518}.AppStore|Any CPU.ActiveCfg = Release|Any CPU
		{B445DF73-AC9E-4276-9FBA-7CB5AD5D2518}.AppStore|Any CPU.Build.0 = Release|Any CPU
		{B445DF73-AC9E-4276-9FBA-7CB5AD5D2518}.AppStore|ARM.ActiveCfg = Release|Any CPU
		{B445DF73-AC9E-4276-9FBA-7CB5AD5D2518}.AppStore|ARM.Build.0 = Release|Any CPU
		{B445DF73-AC9E-4276-9FBA-7CB5AD5D2518}.AppStore|iPhone.ActiveCfg = Release|Any CPU
		{B445DF73-AC9E-4276-9FBA-7CB5AD5D2518}.AppStore|iPhone.Build.0 = Release|Any CPU
		{B445DF73-AC9E-4276-9FBA-7CB5AD5D2518}.AppStore|iPhoneSimulator.ActiveCfg = Release|Any CPU
		{B445DF73-AC9E-4276-9FBA-7CB5AD5D2518}.AppStore|iPhoneSimulator.Build.0 = Release|Any CPU
		{B445DF73-AC9E-4276-9FBA-7CB5AD5D2518}.AppStore|x64.ActiveCfg = Release|Any CPU
		{B445DF73-AC9E-4276-9FBA-7CB5AD5D2518}.AppStore|x64.Build.0 = Release|Any CPU
		{B445DF73-AC9E-4276-9FBA-7CB5AD5D2518}.AppStore|x86.ActiveCfg = Release|Any CPU
		{B445DF73-AC9E-4276-9FBA-7CB5AD5D2518}.AppStore|x86.Build.0 = Release|Any CPU
		{B445DF73-AC9E-4276-9FBA-7CB5AD5D2518}.Debug|Any CPU.ActiveCfg = Debug|Any CPU
		{B445DF73-AC9E-4276-9FBA-7CB5AD5D2518}.Debug|Any CPU.Build.0 = Debug|Any CPU
		{B445DF73-AC9E-4276-9FBA-7CB5AD5D2518}.Debug|ARM.ActiveCfg = Debug|Any CPU
		{B445DF73-AC9E-4276-9FBA-7CB5AD5D2518}.Debug|ARM.Build.0 = Debug|Any CPU
		{B445DF73-AC9E-4276-9FBA-7CB5AD5D2518}.Debug|iPhone.ActiveCfg = Debug|Any CPU
		{B445DF73-AC9E-4276-9FBA-7CB5AD5D2518}.Debug|iPhone.Build.0 = Debug|Any CPU
		{B445DF73-AC9E-4276-9FBA-7CB5AD5D2518}.Debug|iPhoneSimulator.ActiveCfg = Debug|Any CPU
		{B445DF73-AC9E-4276-9FBA-7CB5AD5D2518}.Debug|iPhoneSimulator.Build.0 = Debug|Any CPU
		{B445DF73-AC9E-4276-9FBA-7CB5AD5D2518}.Debug|x64.ActiveCfg = Debug|Any CPU
		{B445DF73-AC9E-4276-9FBA-7CB5AD5D2518}.Debug|x64.Build.0 = Debug|Any CPU
		{B445DF73-AC9E-4276-9FBA-7CB5AD5D2518}.Debug|x86.ActiveCfg = Debug|Any CPU
		{B445DF73-AC9E-4276-9FBA-7CB5AD5D2518}.Debug|x86.Build.0 = Debug|Any CPU
		{B445DF73-AC9E-4276-9FBA-7CB5AD5D2518}.Release|Any CPU.ActiveCfg = Release|Any CPU
		{B445DF73-AC9E-4276-9FBA-7CB5AD5D2518}.Release|Any CPU.Build.0 = Release|Any CPU
		{B445DF73-AC9E-4276-9FBA-7CB5AD5D2518}.Release|ARM.ActiveCfg = Release|Any CPU
		{B445DF73-AC9E-4276-9FBA-7CB5AD5D2518}.Release|ARM.Build.0 = Release|Any CPU
		{B445DF73-AC9E-4276-9FBA-7CB5AD5D2518}.Release|iPhone.ActiveCfg = Release|Any CPU
		{B445DF73-AC9E-4276-9FBA-7CB5AD5D2518}.Release|iPhone.Build.0 = Release|Any CPU
		{B445DF73-AC9E-4276-9FBA-7CB5AD5D2518}.Release|iPhoneSimulator.ActiveCfg = Release|Any CPU
		{B445DF73-AC9E-4276-9FBA-7CB5AD5D2518}.Release|iPhoneSimulator.Build.0 = Release|Any CPU
		{B445DF73-AC9E-4276-9FBA-7CB5AD5D2518}.Release|x64.ActiveCfg = Release|Any CPU
		{B445DF73-AC9E-4276-9FBA-7CB5AD5D2518}.Release|x64.Build.0 = Release|Any CPU
		{B445DF73-AC9E-4276-9FBA-7CB5AD5D2518}.Release|x86.ActiveCfg = Release|Any CPU
		{B445DF73-AC9E-4276-9FBA-7CB5AD5D2518}.Release|x86.Build.0 = Release|Any CPU
	EndGlobalSection
	GlobalSection(SolutionProperties) = preSolution
		HideSolutionNode = FALSE
	EndGlobalSection
	GlobalSection(ExtensibilityGlobals) = postSolution
		SolutionGuid = {F6D05029-56B8-4E45-AF2D-0E76295DDBA2}
	EndGlobalSection
EndGlobal
